
Microsoft Visual Studio Solution File, Format Version 12.00
# Visual Studio Version 16
VisualStudioVersion = 16.0.32602.291
MinimumVisualStudioVersion = 10.0.40219.1
Project("{FAE04EC0-301F-11D3-BF4B-00C04F79EFBC}") = "装饰模式", "装饰模式\装饰模式.csproj", "{7AC04CC1-A914-4776-9773-9FC547BDF2BC}"
EndProject
Global
	GlobalSection(SolutionConfigurationPlatforms) = preSolution
		Debug|Any CPU = Debug|Any CPU
		Release|Any CPU = Release|Any CPU
	EndGlobalSection
	GlobalSection(ProjectConfigurationPlatforms) = postSolution
		{7AC04CC1-A914-4776-9773-9FC547BDF2BC}.Debug|Any CPU.ActiveCfg = Debug|Any CPU
		{7AC04CC1-A914-4776-9773-9FC547BDF2BC}.Debug|Any CPU.Build.0 = Debug|Any CPU
		{7AC04CC1-A914-4776-9773-9FC547BDF2BC}.Release|Any CPU.ActiveCfg = Release|Any CPU
		{7AC04CC1-A914-4776-9773-9FC547BDF2BC}.Release|Any CPU.Build.0 = Release|Any CPU
	EndGlobalSection
	GlobalSection(SolutionProperties) = preSolution
		HideSolutionNode = FALSE
	EndGlobalSection
	GlobalSection(ExtensibilityGlobals) = postSolution
		SolutionGuid = {800053C3-E033-4ED7-B193-D648717CBEAE}
	EndGlobalSection
EndGlobal
