
Microsoft Visual Studio Solution File, Format Version 12.00
# Visual Studio Version 16
VisualStudioVersion = 16.0.32602.291
MinimumVisualStudioVersion = 10.0.40219.1
Project("{FAE04EC0-301F-11D3-BF4B-00C04F79EFBC}") = "状态模式", "状态模式\状态模式.csproj", "{7BED3BD9-3C04-4706-9AD7-2A8369C2B2D7}"
EndProject
Global
	GlobalSection(SolutionConfigurationPlatforms) = preSolution
		Debug|Any CPU = Debug|Any CPU
		Release|Any CPU = Release|Any CPU
	EndGlobalSection
	GlobalSection(ProjectConfigurationPlatforms) = postSolution
		{7BED3BD9-3C04-4706-9AD7-2A8369C2B2D7}.Debug|Any CPU.ActiveCfg = Debug|Any CPU
		{7BED3BD9-3C04-4706-9AD7-2A8369C2B2D7}.Debug|Any CPU.Build.0 = Debug|Any CPU
		{7BED3BD9-3C04-4706-9AD7-2A8369C2B2D7}.Release|Any CPU.ActiveCfg = Release|Any CPU
		{7BED3BD9-3C04-4706-9AD7-2A8369C2B2D7}.Release|Any CPU.Build.0 = Release|Any CPU
	EndGlobalSection
	GlobalSection(SolutionProperties) = preSolution
		HideSolutionNode = FALSE
	EndGlobalSection
	GlobalSection(ExtensibilityGlobals) = postSolution
		SolutionGuid = {FA9F6567-457D-4A74-9042-EF23FF8DAE42}
	EndGlobalSection
EndGlobal
