
Microsoft Visual Studio Solution File, Format Version 12.00
# Visual Studio Version 16
VisualStudioVersion = 16.0.32602.291
MinimumVisualStudioVersion = 10.0.40219.1
Project("{FAE04EC0-301F-11D3-BF4B-00C04F79EFBC}") = "职责链模式", "职责链模式\职责链模式.csproj", "{38B0833B-8CF0-438F-BBDE-23DED85295B6}"
EndProject
Global
	GlobalSection(SolutionConfigurationPlatforms) = preSolution
		Debug|Any CPU = Debug|Any CPU
		Release|Any CPU = Release|Any CPU
	EndGlobalSection
	GlobalSection(ProjectConfigurationPlatforms) = postSolution
		{38B0833B-8CF0-438F-BBDE-23DED85295B6}.Debug|Any CPU.ActiveCfg = Debug|Any CPU
		{38B0833B-8CF0-438F-BBDE-23DED85295B6}.Debug|Any CPU.Build.0 = Debug|Any CPU
		{38B0833B-8CF0-438F-BBDE-23DED85295B6}.Release|Any CPU.ActiveCfg = Release|Any CPU
		{38B0833B-8CF0-438F-BBDE-23DED85295B6}.Release|Any CPU.Build.0 = Release|Any CPU
	EndGlobalSection
	GlobalSection(SolutionProperties) = preSolution
		HideSolutionNode = FALSE
	EndGlobalSection
	GlobalSection(ExtensibilityGlobals) = postSolution
		SolutionGuid = {18C312D8-7544-448D-A26A-325C83B2A92C}
	EndGlobalSection
EndGlobal
