
Microsoft Visual Studio Solution File, Format Version 12.00
# Visual Studio Version 16
VisualStudioVersion = 16.0.32602.291
MinimumVisualStudioVersion = 10.0.40219.1
Project("{FAE04EC0-301F-11D3-BF4B-00C04F79EFBC}") = "中介者模式", "中介者模式\中介者模式.csproj", "{80E38375-14F8-4418-AFEC-005521DE25A7}"
EndProject
Global
	GlobalSection(SolutionConfigurationPlatforms) = preSolution
		Debug|Any CPU = Debug|Any CPU
		Release|Any CPU = Release|Any CPU
	EndGlobalSection
	GlobalSection(ProjectConfigurationPlatforms) = postSolution
		{80E38375-14F8-4418-AFEC-005521DE25A7}.Debug|Any CPU.ActiveCfg = Debug|Any CPU
		{80E38375-14F8-4418-AFEC-005521DE25A7}.Debug|Any CPU.Build.0 = Debug|Any CPU
		{80E38375-14F8-4418-AFEC-005521DE25A7}.Release|Any CPU.ActiveCfg = Release|Any CPU
		{80E38375-14F8-4418-AFEC-005521DE25A7}.Release|Any CPU.Build.0 = Release|Any CPU
	EndGlobalSection
	GlobalSection(SolutionProperties) = preSolution
		HideSolutionNode = FALSE
	EndGlobalSection
	GlobalSection(ExtensibilityGlobals) = postSolution
		SolutionGuid = {3B08495F-A048-450A-B502-B08A74779F16}
	EndGlobalSection
EndGlobal
