
Microsoft Visual Studio Solution File, Format Version 12.00
# Visual Studio Version 16
VisualStudioVersion = 16.0.32602.291
MinimumVisualStudioVersion = 10.0.40219.1
Project("{FAE04EC0-301F-11D3-BF4B-00C04F79EFBC}") = "访问者模式", "访问者模式\访问者模式.csproj", "{A27E715F-1F1F-4491-A98C-646D0CB18766}"
EndProject
Global
	GlobalSection(SolutionConfigurationPlatforms) = preSolution
		Debug|Any CPU = Debug|Any CPU
		Release|Any CPU = Release|Any CPU
	EndGlobalSection
	GlobalSection(ProjectConfigurationPlatforms) = postSolution
		{A27E715F-1F1F-4491-A98C-646D0CB18766}.Debug|Any CPU.ActiveCfg = Debug|Any CPU
		{A27E715F-1F1F-4491-A98C-646D0CB18766}.Debug|Any CPU.Build.0 = Debug|Any CPU
		{A27E715F-1F1F-4491-A98C-646D0CB18766}.Release|Any CPU.ActiveCfg = Release|Any CPU
		{A27E715F-1F1F-4491-A98C-646D0CB18766}.Release|Any CPU.Build.0 = Release|Any CPU
	EndGlobalSection
	GlobalSection(SolutionProperties) = preSolution
		HideSolutionNode = FALSE
	EndGlobalSection
	GlobalSection(ExtensibilityGlobals) = postSolution
		SolutionGuid = {8510EF10-FE2C-4CD8-A171-93D5D1CAD52E}
	EndGlobalSection
EndGlobal
