
Microsoft Visual Studio Solution File, Format Version 12.00
# Visual Studio Version 16
VisualStudioVersion = 16.0.32602.291
MinimumVisualStudioVersion = 10.0.40219.1
Project("{FAE04EC0-301F-11D3-BF4B-00C04F79EFBC}") = "原型模式", "原型模式\原型模式.csproj", "{B2622716-D15E-4CEE-AD16-30CCDC5C983A}"
EndProject
Global
	GlobalSection(SolutionConfigurationPlatforms) = preSolution
		Debug|Any CPU = Debug|Any CPU
		Release|Any CPU = Release|Any CPU
	EndGlobalSection
	GlobalSection(ProjectConfigurationPlatforms) = postSolution
		{B2622716-D15E-4CEE-AD16-30CCDC5C983A}.Debug|Any CPU.ActiveCfg = Debug|Any CPU
		{B2622716-D15E-4CEE-AD16-30CCDC5C983A}.Debug|Any CPU.Build.0 = Debug|Any CPU
		{B2622716-D15E-4CEE-AD16-30CCDC5C983A}.Release|Any CPU.ActiveCfg = Release|Any CPU
		{B2622716-D15E-4CEE-AD16-30CCDC5C983A}.Release|Any CPU.Build.0 = Release|Any CPU
	EndGlobalSection
	GlobalSection(SolutionProperties) = preSolution
		HideSolutionNode = FALSE
	EndGlobalSection
	GlobalSection(ExtensibilityGlobals) = postSolution
		SolutionGuid = {7C77785D-55E6-424C-AD63-DAAA07A4EEB3}
	EndGlobalSection
EndGlobal
