
Microsoft Visual Studio Solution File, Format Version 12.00
# Visual Studio Version 16
VisualStudioVersion = 16.0.32602.291
MinimumVisualStudioVersion = 10.0.40219.1
Project("{FAE04EC0-301F-11D3-BF4B-00C04F79EFBC}") = "组合模式", "组合模式\组合模式.csproj", "{612E0CCC-2231-4E74-85C9-7DB7B1C4F3A6}"
EndProject
Global
	GlobalSection(SolutionConfigurationPlatforms) = preSolution
		Debug|Any CPU = Debug|Any CPU
		Release|Any CPU = Release|Any CPU
	EndGlobalSection
	GlobalSection(ProjectConfigurationPlatforms) = postSolution
		{612E0CCC-2231-4E74-85C9-7DB7B1C4F3A6}.Debug|Any CPU.ActiveCfg = Debug|Any CPU
		{612E0CCC-2231-4E74-85C9-7DB7B1C4F3A6}.Debug|Any CPU.Build.0 = Debug|Any CPU
		{612E0CCC-2231-4E74-85C9-7DB7B1C4F3A6}.Release|Any CPU.ActiveCfg = Release|Any CPU
		{612E0CCC-2231-4E74-85C9-7DB7B1C4F3A6}.Release|Any CPU.Build.0 = Release|Any CPU
	EndGlobalSection
	GlobalSection(SolutionProperties) = preSolution
		HideSolutionNode = FALSE
	EndGlobalSection
	GlobalSection(ExtensibilityGlobals) = postSolution
		SolutionGuid = {59F35F40-DC5B-49BF-8BDE-3ED089D8E32D}
	EndGlobalSection
EndGlobal
